// !$*UTF8*$!
{
	archiveVersion = 1;
	classes = {
	};
	objectVersion = 56;
	objects = {

/* Begin PBXBuildFile section */
		9B24D55B2A80820C008110D6 /* RepostiroyCell.swift in Sources */ = {isa = PBXBuildFile; fileRef = 9B24D55A2A80820C008110D6 /* RepostiroyCell.swift */; };
		9B24D5602A80A738008110D6 /* Kingfisher in Frameworks */ = {isa = PBXBuildFile; productRef = 9B24D55F2A80A738008110D6 /* Kingfisher */; };
		9B8B6FF42A7CBD6800C08605 /* AppDelegate.swift in Sources */ = {isa = PBXBuildFile; fileRef = 9B8B6FF32A7CBD6800C08605 /* AppDelegate.swift */; };
		9B8B6FF62A7CBD6800C08605 /* SceneDelegate.swift in Sources */ = {isa = PBXBuildFile; fileRef = 9B8B6FF52A7CBD6800C08605 /* SceneDelegate.swift */; };
		9B8B6FF82A7CBD6800C08605 /* SearchViewController.swift in Sources */ = {isa = PBXBuildFile; fileRef = 9B8B6FF72A7CBD6800C08605 /* SearchViewController.swift */; };
		9B8B6FFD2A7CBD6900C08605 /* Assets.xcassets in Resources */ = {isa = PBXBuildFile; fileRef = 9B8B6FFC2A7CBD6900C08605 /* Assets.xcassets */; };
		9B8B70002A7CBD6900C08605 /* LaunchScreen.storyboard in Resources */ = {isa = PBXBuildFile; fileRef = 9B8B6FFE2A7CBD6900C08605 /* LaunchScreen.storyboard */; };
		9B8B70092A7CBE3200C08605 /* ServiceProvider.swift in Sources */ = {isa = PBXBuildFile; fileRef = 9B8B70082A7CBE3200C08605 /* ServiceProvider.swift */; };
		9B8B700C2A7CBE7B00C08605 /* RxCocoa in Frameworks */ = {isa = PBXBuildFile; productRef = 9B8B700B2A7CBE7B00C08605 /* RxCocoa */; };
		9B8B700E2A7CBE7B00C08605 /* RxRelay in Frameworks */ = {isa = PBXBuildFile; productRef = 9B8B700D2A7CBE7B00C08605 /* RxRelay */; };
		9B8B70102A7CBE7B00C08605 /* RxSwift in Frameworks */ = {isa = PBXBuildFile; productRef = 9B8B700F2A7CBE7B00C08605 /* RxSwift */; };
		9B8B70132A7CBE8D00C08605 /* ReactorKit in Frameworks */ = {isa = PBXBuildFile; productRef = 9B8B70122A7CBE8D00C08605 /* ReactorKit */; };
		9B8B70152A7CBEB900C08605 /* BaseViewController.swift in Sources */ = {isa = PBXBuildFile; fileRef = 9B8B70142A7CBEB900C08605 /* BaseViewController.swift */; };
		9B8B70172A7CC00B00C08605 /* GitHubAPIService.swift in Sources */ = {isa = PBXBuildFile; fileRef = 9B8B70162A7CC00B00C08605 /* GitHubAPIService.swift */; };
		9B8B701A2A7CC27200C08605 /* RepositoryModel.swift in Sources */ = {isa = PBXBuildFile; fileRef = 9B8B70192A7CC27200C08605 /* RepositoryModel.swift */; };
		9B8B701C2A7CC39D00C08605 /* BaseService.swift in Sources */ = {isa = PBXBuildFile; fileRef = 9B8B701B2A7CC39D00C08605 /* BaseService.swift */; };
		9B8B701E2A7CC58B00C08605 /* SearchViewReactor.swift in Sources */ = {isa = PBXBuildFile; fileRef = 9B8B701D2A7CC58B00C08605 /* SearchViewReactor.swift */; };
		9B8B70222A7CD1EF00C08605 /* Differentiator in Frameworks */ = {isa = PBXBuildFile; productRef = 9B8B70212A7CD1EF00C08605 /* Differentiator */; };
		9B8B70242A7CD1EF00C08605 /* RxDataSources in Frameworks */ = {isa = PBXBuildFile; productRef = 9B8B70232A7CD1EF00C08605 /* RxDataSources */; };
/* End PBXBuildFile section */

/* Begin PBXFileReference section */
		9B24D55A2A80820C008110D6 /* RepostiroyCell.swift */ = {isa = PBXFileReference; lastKnownFileType = sourcecode.swift; path = RepostiroyCell.swift; sourceTree = "<group>"; };
		9B8B6FF02A7CBD6800C08605 /* ReactorKitGHSearchEx.app */ = {isa = PBXFileReference; explicitFileType = wrapper.application; includeInIndex = 0; path = ReactorKitGHSearchEx.app; sourceTree = BUILT_PRODUCTS_DIR; };
		9B8B6FF32A7CBD6800C08605 /* AppDelegate.swift */ = {isa = PBXFileReference; lastKnownFileType = sourcecode.swift; path = AppDelegate.swift; sourceTree = "<group>"; };
		9B8B6FF52A7CBD6800C08605 /* SceneDelegate.swift */ = {isa = PBXFileReference; lastKnownFileType = sourcecode.swift; path = SceneDelegate.swift; sourceTree = "<group>"; };
		9B8B6FF72A7CBD6800C08605 /* SearchViewController.swift */ = {isa = PBXFileReference; lastKnownFileType = sourcecode.swift; path = SearchViewController.swift; sourceTree = "<group>"; };
		9B8B6FFC2A7CBD6900C08605 /* Assets.xcassets */ = {isa = PBXFileReference; lastKnownFileType = folder.assetcatalog; path = Assets.xcassets; sourceTree = "<group>"; };
		9B8B6FFF2A7CBD6900C08605 /* Base */ = {isa = PBXFileReference; lastKnownFileType = file.storyboard; name = Base; path = Base.lproj/LaunchScreen.storyboard; sourceTree = "<group>"; };
		9B8B70012A7CBD6900C08605 /* Info.plist */ = {isa = PBXFileReference; lastKnownFileType = text.plist.xml; path = Info.plist; sourceTree = "<group>"; };
		9B8B70082A7CBE3200C08605 /* ServiceProvider.swift */ = {isa = PBXFileReference; lastKnownFileType = sourcecode.swift; path = ServiceProvider.swift; sourceTree = "<group>"; };
		9B8B70142A7CBEB900C08605 /* BaseViewController.swift */ = {isa = PBXFileReference; lastKnownFileType = sourcecode.swift; path = BaseViewController.swift; sourceTree = "<group>"; };
		9B8B70162A7CC00B00C08605 /* GitHubAPIService.swift */ = {isa = PBXFileReference; lastKnownFileType = sourcecode.swift; path = GitHubAPIService.swift; sourceTree = "<group>"; };
		9B8B70192A7CC27200C08605 /* RepositoryModel.swift */ = {isa = PBXFileReference; lastKnownFileType = sourcecode.swift; path = RepositoryModel.swift; sourceTree = "<group>"; };
		9B8B701B2A7CC39D00C08605 /* BaseService.swift */ = {isa = PBXFileReference; lastKnownFileType = sourcecode.swift; path = BaseService.swift; sourceTree = "<group>"; };
		9B8B701D2A7CC58B00C08605 /* SearchViewReactor.swift */ = {isa = PBXFileReference; lastKnownFileType = sourcecode.swift; path = SearchViewReactor.swift; sourceTree = "<group>"; };
/* End PBXFileReference section */

/* Begin PBXFrameworksBuildPhase section */
		9B8B6FED2A7CBD6800C08605 /* Frameworks */ = {
			isa = PBXFrameworksBuildPhase;
			buildActionMask = 2147483647;
			files = (
				9B8B70102A7CBE7B00C08605 /* RxSwift in Frameworks */,
				9B8B70222A7CD1EF00C08605 /* Differentiator in Frameworks */,
				9B24D5602A80A738008110D6 /* Kingfisher in Frameworks */,
				9B8B700E2A7CBE7B00C08605 /* RxRelay in Frameworks */,
				9B8B70242A7CD1EF00C08605 /* RxDataSources in Frameworks */,
				9B8B70132A7CBE8D00C08605 /* ReactorKit in Frameworks */,
				9B8B700C2A7CBE7B00C08605 /* RxCocoa in Frameworks */,
			);
			runOnlyForDeploymentPostprocessing = 0;
		};
/* End PBXFrameworksBuildPhase section */

/* Begin PBXGroup section */
		9B24D5592A808200008110D6 /* SubViews */ = {
			isa = PBXGroup;
			children = (
				9B24D55A2A80820C008110D6 /* RepostiroyCell.swift */,
			);
			path = SubViews;
			sourceTree = "<group>";
		};
		9B8B6FE72A7CBD6800C08605 = {
			isa = PBXGroup;
			children = (
				9B8B6FF22A7CBD6800C08605 /* ReactorKitGHSearchEx */,
				9B8B6FF12A7CBD6800C08605 /* Products */,
			);
			sourceTree = "<group>";
		};
		9B8B6FF12A7CBD6800C08605 /* Products */ = {
			isa = PBXGroup;
			children = (
				9B8B6FF02A7CBD6800C08605 /* ReactorKitGHSearchEx.app */,
			);
			name = Products;
			sourceTree = "<group>";
		};
		9B8B6FF22A7CBD6800C08605 /* ReactorKitGHSearchEx */ = {
			isa = PBXGroup;
			children = (
				9B8B70252A7CDE1100C08605 /* ViewModules */,
				9B8B6FF32A7CBD6800C08605 /* AppDelegate.swift */,
				9B8B6FF52A7CBD6800C08605 /* SceneDelegate.swift */,
				9B8B70182A7CC25C00C08605 /* Models */,
				9B8B70072A7CBE2500C08605 /* Services */,
				9B8B6FFC2A7CBD6900C08605 /* Assets.xcassets */,
				9B8B6FFE2A7CBD6900C08605 /* LaunchScreen.storyboard */,
				9B8B70012A7CBD6900C08605 /* Info.plist */,
			);
			path = ReactorKitGHSearchEx;
			sourceTree = "<group>";
		};
		9B8B70072A7CBE2500C08605 /* Services */ = {
			isa = PBXGroup;
			children = (
				9B8B70082A7CBE3200C08605 /* ServiceProvider.swift */,
				9B8B70162A7CC00B00C08605 /* GitHubAPIService.swift */,
				9B8B701B2A7CC39D00C08605 /* BaseService.swift */,
			);
			path = Services;
			sourceTree = "<group>";
		};
		9B8B70182A7CC25C00C08605 /* Models */ = {
			isa = PBXGroup;
			children = (
				9B8B70192A7CC27200C08605 /* RepositoryModel.swift */,
			);
			path = Models;
			sourceTree = "<group>";
		};
		9B8B701F2A7CC58F00C08605 /* SearchViews */ = {
			isa = PBXGroup;
			children = (
				9B8B6FF72A7CBD6800C08605 /* SearchViewController.swift */,
				9B8B701D2A7CC58B00C08605 /* SearchViewReactor.swift */,
			);
			path = SearchViews;
			sourceTree = "<group>";
		};
		9B8B70252A7CDE1100C08605 /* ViewModules */ = {
			isa = PBXGroup;
			children = (
				9B24D5592A808200008110D6 /* SubViews */,
				9B8B70142A7CBEB900C08605 /* BaseViewController.swift */,
				9B8B701F2A7CC58F00C08605 /* SearchViews */,
			);
			path = ViewModules;
			sourceTree = "<group>";
		};
/* End PBXGroup section */

/* Begin PBXNativeTarget section */
		9B8B6FEF2A7CBD6800C08605 /* ReactorKitGHSearchEx */ = {
			isa = PBXNativeTarget;
			buildConfigurationList = 9B8B70042A7CBD6900C08605 /* Build configuration list for PBXNativeTarget "ReactorKitGHSearchEx" */;
			buildPhases = (
				9B8B6FEC2A7CBD6800C08605 /* Sources */,
				9B8B6FED2A7CBD6800C08605 /* Frameworks */,
				9B8B6FEE2A7CBD6800C08605 /* Resources */,
			);
			buildRules = (
			);
			dependencies = (
			);
			name = ReactorKitGHSearchEx;
			packageProductDependencies = (
				9B8B700B2A7CBE7B00C08605 /* RxCocoa */,
				9B8B700D2A7CBE7B00C08605 /* RxRelay */,
				9B8B700F2A7CBE7B00C08605 /* RxSwift */,
				9B8B70122A7CBE8D00C08605 /* ReactorKit */,
				9B8B70212A7CD1EF00C08605 /* Differentiator */,
				9B8B70232A7CD1EF00C08605 /* RxDataSources */,
				9B24D55F2A80A738008110D6 /* Kingfisher */,
			);
			productName = ReactorKitGHSearchEx;
			productReference = 9B8B6FF02A7CBD6800C08605 /* ReactorKitGHSearchEx.app */;
			productType = "com.apple.product-type.application";
		};
/* End PBXNativeTarget section */

/* Begin PBXProject section */
		9B8B6FE82A7CBD6800C08605 /* Project object */ = {
			isa = PBXProject;
			attributes = {
				BuildIndependentTargetsInParallel = 1;
				LastSwiftUpdateCheck = 1420;
				LastUpgradeCheck = 1420;
				TargetAttributes = {
					9B8B6FEF2A7CBD6800C08605 = {
						CreatedOnToolsVersion = 14.2;
					};
				};
			};
			buildConfigurationList = 9B8B6FEB2A7CBD6800C08605 /* Build configuration list for PBXProject "ReactorKitGHSearchEx" */;
			compatibilityVersion = "Xcode 14.0";
			developmentRegion = en;
			hasScannedForEncodings = 0;
			knownRegions = (
				en,
				Base,
			);
			mainGroup = 9B8B6FE72A7CBD6800C08605;
			packageReferences = (
				9B8B700A2A7CBE7B00C08605 /* XCRemoteSwiftPackageReference "RxSwift" */,
				9B8B70112A7CBE8D00C08605 /* XCRemoteSwiftPackageReference "ReactorKit" */,
				9B8B70202A7CD1EF00C08605 /* XCRemoteSwiftPackageReference "RxDataSources" */,
				9B24D55E2A80A738008110D6 /* XCRemoteSwiftPackageReference "Kingfisher" */,
			);
			productRefGroup = 9B8B6FF12A7CBD6800C08605 /* Products */;
			projectDirPath = "";
			projectRoot = "";
			targets = (
				9B8B6FEF2A7CBD6800C08605 /* ReactorKitGHSearchEx */,
			);
		};
/* End PBXProject section */

/* Begin PBXResourcesBuildPhase section */
		9B8B6FEE2A7CBD6800C08605 /* Resources */ = {
			isa = PBXResourcesBuildPhase;
			buildActionMask = 2147483647;
			files = (
				9B8B70002A7CBD6900C08605 /* LaunchScreen.storyboard in Resources */,
				9B8B6FFD2A7CBD6900C08605 /* Assets.xcassets in Resources */,
			);
			runOnlyForDeploymentPostprocessing = 0;
		};
/* End PBXResourcesBuildPhase section */

/* Begin PBXSourcesBuildPhase section */
		9B8B6FEC2A7CBD6800C08605 /* Sources */ = {
			isa = PBXSourcesBuildPhase;
			buildActionMask = 2147483647;
			files = (
				9B24D55B2A80820C008110D6 /* RepostiroyCell.swift in Sources */,
				9B8B701C2A7CC39D00C08605 /* BaseService.swift in Sources */,
				9B8B70152A7CBEB900C08605 /* BaseViewController.swift in Sources */,
				9B8B70092A7CBE3200C08605 /* ServiceProvider.swift in Sources */,
				9B8B6FF82A7CBD6800C08605 /* SearchViewController.swift in Sources */,
				9B8B6FF42A7CBD6800C08605 /* AppDelegate.swift in Sources */,
				9B8B6FF62A7CBD6800C08605 /* SceneDelegate.swift in Sources */,
				9B8B701A2A7CC27200C08605 /* RepositoryModel.swift in Sources */,
				9B8B70172A7CC00B00C08605 /* GitHubAPIService.swift in Sources */,
				9B8B701E2A7CC58B00C08605 /* SearchViewReactor.swift in Sources */,
			);
			runOnlyForDeploymentPostprocessing = 0;
		};
/* End PBXSourcesBuildPhase section */

/* Begin PBXVariantGroup section */
		9B8B6FFE2A7CBD6900C08605 /* LaunchScreen.storyboard */ = {
			isa = PBXVariantGroup;
			children = (
				9B8B6FFF2A7CBD6900C08605 /* Base */,
			);
			name = LaunchScreen.storyboard;
			sourceTree = "<group>";
		};
/* End PBXVariantGroup section */

/* Begin XCBuildConfiguration section */
		9B8B70022A7CBD6900C08605 /* Debug */ = {
			isa = XCBuildConfiguration;
			buildSettings = {
				ALWAYS_SEARCH_USER_PATHS = NO;
				CLANG_ANALYZER_NONNULL = YES;
				CLANG_ANALYZER_NUMBER_OBJECT_CONVERSION = YES_AGGRESSIVE;
				CLANG_CXX_LANGUAGE_STANDARD = "gnu++20";
				CLANG_ENABLE_MODULES = YES;
				CLANG_ENABLE_OBJC_ARC = YES;
				CLANG_ENABLE_OBJC_WEAK = YES;
				CLANG_WARN_BLOCK_CAPTURE_AUTORELEASING = YES;
				CLANG_WARN_BOOL_CONVERSION = YES;
				CLANG_WARN_COMMA = YES;
				CLANG_WARN_CONSTANT_CONVERSION = YES;
				CLANG_WARN_DEPRECATED_OBJC_IMPLEMENTATIONS = YES;
				CLANG_WARN_DIRECT_OBJC_ISA_USAGE = YES_ERROR;
				CLANG_WARN_DOCUMENTATION_COMMENTS = YES;
				CLANG_WARN_EMPTY_BODY = YES;
				CLANG_WARN_ENUM_CONVERSION = YES;
				CLANG_WARN_INFINITE_RECURSION = YES;
				CLANG_WARN_INT_CONVERSION = YES;
				CLANG_WARN_NON_LITERAL_NULL_CONVERSION = YES;
				CLANG_WARN_OBJC_IMPLICIT_RETAIN_SELF = YES;
				CLANG_WARN_OBJC_LITERAL_CONVERSION = YES;
				CLANG_WARN_OBJC_ROOT_CLASS = YES_ERROR;
				CLANG_WARN_QUOTED_INCLUDE_IN_FRAMEWORK_HEADER = YES;
				CLANG_WARN_RANGE_LOOP_ANALYSIS = YES;
				CLANG_WARN_STRICT_PROTOTYPES = YES;
				CLANG_WARN_SUSPICIOUS_MOVE = YES;
				CLANG_WARN_UNGUARDED_AVAILABILITY = YES_AGGRESSIVE;
				CLANG_WARN_UNREACHABLE_CODE = YES;
				CLANG_WARN__DUPLICATE_METHOD_MATCH = YES;
				COPY_PHASE_STRIP = NO;
				DEBUG_INFORMATION_FORMAT = dwarf;
				ENABLE_STRICT_OBJC_MSGSEND = YES;
				ENABLE_TESTABILITY = YES;
				GCC_C_LANGUAGE_STANDARD = gnu11;
				GCC_DYNAMIC_NO_PIC = NO;
				GCC_NO_COMMON_BLOCKS = YES;
				GCC_OPTIMIZATION_LEVEL = 0;
				GCC_PREPROCESSOR_DEFINITIONS = (
					"DEBUG=1",
					"$(inherited)",
				);
				GCC_WARN_64_TO_32_BIT_CONVERSION = YES;
				GCC_WARN_ABOUT_RETURN_TYPE = YES_ERROR;
				GCC_WARN_UNDECLARED_SELECTOR = YES;
				GCC_WARN_UNINITIALIZED_AUTOS = YES_AGGRESSIVE;
				GCC_WARN_UNUSED_FUNCTION = YES;
				GCC_WARN_UNUSED_VARIABLE = YES;
				IPHONEOS_DEPLOYMENT_TARGET = 16.2;
				MTL_ENABLE_DEBUG_INFO = INCLUDE_SOURCE;
				MTL_FAST_MATH = YES;
				ONLY_ACTIVE_ARCH = YES;
				SDKROOT = iphoneos;
				SWIFT_ACTIVE_COMPILATION_CONDITIONS = DEBUG;
				SWIFT_OPTIMIZATION_LEVEL = "-Onone";
			};
			name = Debug;
		};
		9B8B70032A7CBD6900C08605 /* Release */ = {
			isa = XCBuildConfiguration;
			buildSettings = {
				ALWAYS_SEARCH_USER_PATHS = NO;
				CLANG_ANALYZER_NONNULL = YES;
				CLANG_ANALYZER_NUMBER_OBJECT_CONVERSION = YES_AGGRESSIVE;
				CLANG_CXX_LANGUAGE_STANDARD = "gnu++20";
				CLANG_ENABLE_MODULES = YES;
				CLANG_ENABLE_OBJC_ARC = YES;
				CLANG_ENABLE_OBJC_WEAK = YES;
				CLANG_WARN_BLOCK_CAPTURE_AUTORELEASING = YES;
				CLANG_WARN_BOOL_CONVERSION = YES;
				CLANG_WARN_COMMA = YES;
				CLANG_WARN_CONSTANT_CONVERSION = YES;
				CLANG_WARN_DEPRECATED_OBJC_IMPLEMENTATIONS = YES;
				CLANG_WARN_DIRECT_OBJC_ISA_USAGE = YES_ERROR;
				CLANG_WARN_DOCUMENTATION_COMMENTS = YES;
				CLANG_WARN_EMPTY_BODY = YES;
				CLANG_WARN_ENUM_CONVERSION = YES;
				CLANG_WARN_INFINITE_RECURSION = YES;
				CLANG_WARN_INT_CONVERSION = YES;
				CLANG_WARN_NON_LITERAL_NULL_CONVERSION = YES;
				CLANG_WARN_OBJC_IMPLICIT_RETAIN_SELF = YES;
				CLANG_WARN_OBJC_LITERAL_CONVERSION = YES;
				CLANG_WARN_OBJC_ROOT_CLASS = YES_ERROR;
				CLANG_WARN_QUOTED_INCLUDE_IN_FRAMEWORK_HEADER = YES;
				CLANG_WARN_RANGE_LOOP_ANALYSIS = YES;
				CLANG_WARN_STRICT_PROTOTYPES = YES;
				CLANG_WARN_SUSPICIOUS_MOVE = YES;
				CLANG_WARN_UNGUARDED_AVAILABILITY = YES_AGGRESSIVE;
				CLANG_WARN_UNREACHABLE_CODE = YES;
				CLANG_WARN__DUPLICATE_METHOD_MATCH = YES;
				COPY_PHASE_STRIP = NO;
				DEBUG_INFORMATION_FORMAT = "dwarf-with-dsym";
				ENABLE_NS_ASSERTIONS = NO;
				ENABLE_STRICT_OBJC_MSGSEND = YES;
				GCC_C_LANGUAGE_STANDARD = gnu11;
				GCC_NO_COMMON_BLOCKS = YES;
				GCC_WARN_64_TO_32_BIT_CONVERSION = YES;
				GCC_WARN_ABOUT_RETURN_TYPE = YES_ERROR;
				GCC_WARN_UNDECLARED_SELECTOR = YES;
				GCC_WARN_UNINITIALIZED_AUTOS = YES_AGGRESSIVE;
				GCC_WARN_UNUSED_FUNCTION = YES;
				GCC_WARN_UNUSED_VARIABLE = YES;
				IPHONEOS_DEPLOYMENT_TARGET = 16.2;
				MTL_ENABLE_DEBUG_INFO = NO;
				MTL_FAST_MATH = YES;
				SDKROOT = iphoneos;
				SWIFT_COMPILATION_MODE = wholemodule;
				SWIFT_OPTIMIZATION_LEVEL = "-O";
				VALIDATE_PRODUCT = YES;
			};
			name = Release;
		};
		9B8B70052A7CBD6900C08605 /* Debug */ = {
			isa = XCBuildConfiguration;
			buildSettings = {
				ASSETCATALOG_COMPILER_APPICON_NAME = AppIcon;
				ASSETCATALOG_COMPILER_GLOBAL_ACCENT_COLOR_NAME = AccentColor;
				CODE_SIGN_STYLE = Automatic;
				CURRENT_PROJECT_VERSION = 1;
				DEVELOPMENT_TEAM = 24Z3VMGR2U;
				GENERATE_INFOPLIST_FILE = YES;
				INFOPLIST_FILE = ReactorKitGHSearchEx/Info.plist;
				INFOPLIST_KEY_UIApplicationSupportsIndirectInputEvents = YES;
				INFOPLIST_KEY_UILaunchStoryboardName = LaunchScreen;
				INFOPLIST_KEY_UIMainStoryboardFile = "";
				INFOPLIST_KEY_UISupportedInterfaceOrientations_iPad = "UIInterfaceOrientationPortrait UIInterfaceOrientationPortraitUpsideDown UIInterfaceOrientationLandscapeLeft UIInterfaceOrientationLandscapeRight";
				INFOPLIST_KEY_UISupportedInterfaceOrientations_iPhone = "UIInterfaceOrientationPortrait UIInterfaceOrientationLandscapeLeft UIInterfaceOrientationLandscapeRight";
				LD_RUNPATH_SEARCH_PATHS = (
					"$(inherited)",
					"@executable_path/Frameworks",
				);
				MARKETING_VERSION = 1.0;
				PRODUCT_BUNDLE_IDENTIFIER = com.yangjs.ReactorKitGHSearchEx;
				PRODUCT_NAME = "$(TARGET_NAME)";
				SWIFT_EMIT_LOC_STRINGS = YES;
				SWIFT_VERSION = 5.0;
				TARGETED_DEVICE_FAMILY = "1,2";
			};
			name = Debug;
		};
		9B8B70062A7CBD6900C08605 /* Release */ = {
			isa = XCBuildConfiguration;
			buildSettings = {
				ASSETCATALOG_COMPILER_APPICON_NAME = AppIcon;
				ASSETCATALOG_COMPILER_GLOBAL_ACCENT_COLOR_NAME = AccentColor;
				CODE_SIGN_STYLE = Automatic;
				CURRENT_PROJECT_VERSION = 1;
				DEVELOPMENT_TEAM = 24Z3VMGR2U;
				GENERATE_INFOPLIST_FILE = YES;
				INFOPLIST_FILE = ReactorKitGHSearchEx/Info.plist;
				INFOPLIST_KEY_UIApplicationSupportsIndirectInputEvents = YES;
				INFOPLIST_KEY_UILaunchStoryboardName = LaunchScreen;
				INFOPLIST_KEY_UIMainStoryboardFile = "";
				INFOPLIST_KEY_UISupportedInterfaceOrientations_iPad = "UIInterfaceOrientationPortrait UIInterfaceOrientationPortraitUpsideDown UIInterfaceOrientationLandscapeLeft UIInterfaceOrientationLandscapeRight";
				INFOPLIST_KEY_UISupportedInterfaceOrientations_iPhone = "UIInterfaceOrientationPortrait UIInterfaceOrientationLandscapeLeft UIInterfaceOrientationLandscapeRight";
				LD_RUNPATH_SEARCH_PATHS = (
					"$(inherited)",
					"@executable_path/Frameworks",
				);
				MARKETING_VERSION = 1.0;
				PRODUCT_BUNDLE_IDENTIFIER = com.yangjs.ReactorKitGHSearchEx;
				PRODUCT_NAME = "$(TARGET_NAME)";
				SWIFT_EMIT_LOC_STRINGS = YES;
				SWIFT_VERSION = 5.0;
				TARGETED_DEVICE_FAMILY = "1,2";
			};
			name = Release;
		};
/* End XCBuildConfiguration section */

/* Begin XCConfigurationList section */
		9B8B6FEB2A7CBD6800C08605 /* Build configuration list for PBXProject "ReactorKitGHSearchEx" */ = {
			isa = XCConfigurationList;
			buildConfigurations = (
				9B8B70022A7CBD6900C08605 /* Debug */,
				9B8B70032A7CBD6900C08605 /* Release */,
			);
			defaultConfigurationIsVisible = 0;
			defaultConfigurationName = Release;
		};
		9B8B70042A7CBD6900C08605 /* Build configuration list for PBXNativeTarget "ReactorKitGHSearchEx" */ = {
			isa = XCConfigurationList;
			buildConfigurations = (
				9B8B70052A7CBD6900C08605 /* Debug */,
				9B8B70062A7CBD6900C08605 /* Release */,
			);
			defaultConfigurationIsVisible = 0;
			defaultConfigurationName = Release;
		};
/* End XCConfigurationList section */

/* Begin XCRemoteSwiftPackageReference section */
		9B24D55E2A80A738008110D6 /* XCRemoteSwiftPackageReference "Kingfisher" */ = {
			isa = XCRemoteSwiftPackageReference;
			repositoryURL = "https://github.com/onevcat/Kingfisher.git";
			requirement = {
				branch = master;
				kind = branch;
			};
		};
		9B8B700A2A7CBE7B00C08605 /* XCRemoteSwiftPackageReference "RxSwift" */ = {
			isa = XCRemoteSwiftPackageReference;
			repositoryURL = "https://github.com/ReactiveX/RxSwift.git";
			requirement = {
				branch = main;
				kind = branch;
			};
		};
		9B8B70112A7CBE8D00C08605 /* XCRemoteSwiftPackageReference "ReactorKit" */ = {
			isa = XCRemoteSwiftPackageReference;
			repositoryURL = "https://github.com/ReactorKit/ReactorKit.git";
			requirement = {
				branch = master;
				kind = branch;
			};
		};
		9B8B70202A7CD1EF00C08605 /* XCRemoteSwiftPackageReference "RxDataSources" */ = {
			isa = XCRemoteSwiftPackageReference;
			repositoryURL = "https://github.com/RxSwiftCommunity/RxDataSources.git";
			requirement = {
				kind = upToNextMajorVersion;
				minimumVersion = 5.0.0;
			};
		};
/* End XCRemoteSwiftPackageReference section */

/* Begin XCSwiftPackageProductDependency section */
		9B24D55F2A80A738008110D6 /* Kingfisher */ = {
			isa = XCSwiftPackageProductDependency;
			package = 9B24D55E2A80A738008110D6 /* XCRemoteSwiftPackageReference "Kingfisher" */;
			productName = Kingfisher;
		};
		9B8B700B2A7CBE7B00C08605 /* RxCocoa */ = {
			isa = XCSwiftPackageProductDependency;
			package = 9B8B700A2A7CBE7B00C08605 /* XCRemoteSwiftPackageReference "RxSwift" */;
			productName = RxCocoa;
		};
		9B8B700D2A7CBE7B00C08605 /* RxRelay */ = {
			isa = XCSwiftPackageProductDependency;
			package = 9B8B700A2A7CBE7B00C08605 /* XCRemoteSwiftPackageReference "RxSwift" */;
			productName = RxRelay;
		};
		9B8B700F2A7CBE7B00C08605 /* RxSwift */ = {
			isa = XCSwiftPackageProductDependency;
			package = 9B8B700A2A7CBE7B00C08605 /* XCRemoteSwiftPackageReference "RxSwift" */;
			productName = RxSwift;
		};
		9B8B70122A7CBE8D00C08605 /* ReactorKit */ = {
			isa = XCSwiftPackageProductDependency;
			package = 9B8B70112A7CBE8D00C08605 /* XCRemoteSwiftPackageReference "ReactorKit" */;
			productName = ReactorKit;
		};
		9B8B70212A7CD1EF00C08605 /* Differentiator */ = {
			isa = XCSwiftPackageProductDependency;
			package = 9B8B70202A7CD1EF00C08605 /* XCRemoteSwiftPackageReference "RxDataSources" */;
			productName = Differentiator;
		};
		9B8B70232A7CD1EF00C08605 /* RxDataSources */ = {
			isa = XCSwiftPackageProductDependency;
			package = 9B8B70202A7CD1EF00C08605 /* XCRemoteSwiftPackageReference "RxDataSources" */;
			productName = RxDataSources;
		};
/* End XCSwiftPackageProductDependency section */
	};
	rootObject = 9B8B6FE82A7CBD6800C08605 /* Project object */;
}
